// !$*UTF8*$!
{
	archiveVersion = 1;
	classes = {
	};
	objectVersion = 50;
	objects = {

/* Begin PBXBuildFile section */
		DC4C41572692DD92008A7135 /* SecureView.m in Sources */ = {isa = PBXBuildFile; fileRef = DC4C41562692DD92008A7135 /* SecureView.m */; };
		DC8E28EB269064CB004EB5B4 /* AppDelegate.m in Sources */ = {isa = PBXBuildFile; fileRef = DC8E28EA269064CB004EB5B4 /* AppDelegate.m */; };
		DC8E28F1269064CB004EB5B4 /* AuthViewController.m in Sources */ = {isa = PBXBuildFile; fileRef = DC8E28F0269064CB004EB5B4 /* AuthViewController.m */; };
		DC8E28F6269064CE004EB5B4 /* Assets.xcassets in Resources */ = {isa = PBXBuildFile; fileRef = DC8E28F5269064CE004EB5B4 /* Assets.xcassets */; };
		DC8E28F9269064CE004EB5B4 /* LaunchScreen.storyboard in Resources */ = {isa = PBXBuildFile; fileRef = DC8E28F7269064CE004EB5B4 /* LaunchScreen.storyboard */; };
		DC8E28FC269064CE004EB5B4 /* main.m in Sources */ = {isa = PBXBuildFile; fileRef = DC8E28FB269064CE004EB5B4 /* main.m */; };
		DC8E29122690BAFE004EB5B4 /* AuthView.m in Sources */ = {isa = PBXBuildFile; fileRef = DC8E29112690BAFE004EB5B4 /* AuthView.m */; };
		DC8E29162690C902004EB5B4 /* SF-Pro-Display-Bold.otf in Resources */ = {isa = PBXBuildFile; fileRef = DC8E29152690C902004EB5B4 /* SF-Pro-Display-Bold.otf */; };
		DC8E29182690C910004EB5B4 /* SF-Pro-Display-Black.otf in Resources */ = {isa = PBXBuildFile; fileRef = DC8E29172690C910004EB5B4 /* SF-Pro-Display-Black.otf */; };
		DC8E291A2690C919004EB5B4 /* SF-Pro-Display-Regular.otf in Resources */ = {isa = PBXBuildFile; fileRef = DC8E29192690C919004EB5B4 /* SF-Pro-Display-Regular.otf */; };
		DC8E291C2690DF5D004EB5B4 /* SF-Pro-Text-Semibold.otf in Resources */ = {isa = PBXBuildFile; fileRef = DC8E291B2690DF5D004EB5B4 /* SF-Pro-Text-Semibold.otf */; };
		DC8E292026911B3A004EB5B4 /* UIColor+Extension.m in Sources */ = {isa = PBXBuildFile; fileRef = DC8E291F26911B39004EB5B4 /* UIColor+Extension.m */; };
		DC97248F269630CD0027FCFE /* CustomTextField.m in Sources */ = {isa = PBXBuildFile; fileRef = DC97248E269630CD0027FCFE /* CustomTextField.m */; };
		DCF3F67F269425D3006CFED4 /* CustomButton.m in Sources */ = {isa = PBXBuildFile; fileRef = DCF3F67E269425D3006CFED4 /* CustomButton.m */; };
/* End PBXBuildFile section */

/* Begin PBXFileReference section */
		DC4C41552692DD92008A7135 /* SecureView.h */ = {isa = PBXFileReference; lastKnownFileType = sourcecode.c.h; path = SecureView.h; sourceTree = "<group>"; };
		DC4C41562692DD92008A7135 /* SecureView.m */ = {isa = PBXFileReference; lastKnownFileType = sourcecode.c.objc; path = SecureView.m; sourceTree = "<group>"; };
		DC8E28E6269064CB004EB5B4 /* AuthApp.app */ = {isa = PBXFileReference; explicitFileType = wrapper.application; includeInIndex = 0; path = AuthApp.app; sourceTree = BUILT_PRODUCTS_DIR; };
		DC8E28E9269064CB004EB5B4 /* AppDelegate.h */ = {isa = PBXFileReference; lastKnownFileType = sourcecode.c.h; path = AppDelegate.h; sourceTree = "<group>"; };
		DC8E28EA269064CB004EB5B4 /* AppDelegate.m */ = {isa = PBXFileReference; lastKnownFileType = sourcecode.c.objc; path = AppDelegate.m; sourceTree = "<group>"; };
		DC8E28EF269064CB004EB5B4 /* AuthViewController.h */ = {isa = PBXFileReference; lastKnownFileType = sourcecode.c.h; path = AuthViewController.h; sourceTree = "<group>"; };
		DC8E28F0269064CB004EB5B4 /* AuthViewController.m */ = {isa = PBXFileReference; lastKnownFileType = sourcecode.c.objc; path = AuthViewController.m; sourceTree = "<group>"; };
		DC8E28F5269064CE004EB5B4 /* Assets.xcassets */ = {isa = PBXFileReference; lastKnownFileType = folder.assetcatalog; path = Assets.xcassets; sourceTree = "<group>"; };
		DC8E28F8269064CE004EB5B4 /* Base */ = {isa = PBXFileReference; lastKnownFileType = file.storyboard; name = Base; path = Base.lproj/LaunchScreen.storyboard; sourceTree = "<group>"; };
		DC8E28FA269064CE004EB5B4 /* Info.plist */ = {isa = PBXFileReference; lastKnownFileType = text.plist.xml; path = Info.plist; sourceTree = "<group>"; };
		DC8E28FB269064CE004EB5B4 /* main.m */ = {isa = PBXFileReference; lastKnownFileType = sourcecode.c.objc; path = main.m; sourceTree = "<group>"; };
		DC8E29102690BAFE004EB5B4 /* AuthView.h */ = {isa = PBXFileReference; lastKnownFileType = sourcecode.c.h; path = AuthView.h; sourceTree = "<group>"; };
		DC8E29112690BAFE004EB5B4 /* AuthView.m */ = {isa = PBXFileReference; lastKnownFileType = sourcecode.c.objc; path = AuthView.m; sourceTree = "<group>"; };
		DC8E29152690C902004EB5B4 /* SF-Pro-Display-Bold.otf */ = {isa = PBXFileReference; lastKnownFileType = file; path = "SF-Pro-Display-Bold.otf"; sourceTree = "<group>"; };
		DC8E29172690C910004EB5B4 /* SF-Pro-Display-Black.otf */ = {isa = PBXFileReference; lastKnownFileType = file; path = "SF-Pro-Display-Black.otf"; sourceTree = "<group>"; };
		DC8E29192690C919004EB5B4 /* SF-Pro-Display-Regular.otf */ = {isa = PBXFileReference; lastKnownFileType = file; path = "SF-Pro-Display-Regular.otf"; sourceTree = "<group>"; };
		DC8E291B2690DF5D004EB5B4 /* SF-Pro-Text-Semibold.otf */ = {isa = PBXFileReference; lastKnownFileType = file; path = "SF-Pro-Text-Semibold.otf"; sourceTree = "<group>"; };
		DC8E291E26911B39004EB5B4 /* UIColor+Extension.h */ = {isa = PBXFileReference; lastKnownFileType = sourcecode.c.h; path = "UIColor+Extension.h"; sourceTree = "<group>"; };
		DC8E291F26911B39004EB5B4 /* UIColor+Extension.m */ = {isa = PBXFileReference; lastKnownFileType = sourcecode.c.objc; path = "UIColor+Extension.m"; sourceTree = "<group>"; };
		DC97248D269630CD0027FCFE /* CustomTextField.h */ = {isa = PBXFileReference; lastKnownFileType = sourcecode.c.h; path = CustomTextField.h; sourceTree = "<group>"; };
		DC97248E269630CD0027FCFE /* CustomTextField.m */ = {isa = PBXFileReference; lastKnownFileType = sourcecode.c.objc; path = CustomTextField.m; sourceTree = "<group>"; };
		DCF3F67D269425D3006CFED4 /* CustomButton.h */ = {isa = PBXFileReference; lastKnownFileType = sourcecode.c.h; path = CustomButton.h; sourceTree = "<group>"; };
		DCF3F67E269425D3006CFED4 /* CustomButton.m */ = {isa = PBXFileReference; lastKnownFileType = sourcecode.c.objc; path = CustomButton.m; sourceTree = "<group>"; };
/* End PBXFileReference section */

/* Begin PBXFrameworksBuildPhase section */
		DC8E28E3269064CB004EB5B4 /* Frameworks */ = {
			isa = PBXFrameworksBuildPhase;
			buildActionMask = 2147483647;
			files = (
			);
			runOnlyForDeploymentPostprocessing = 0;
		};
/* End PBXFrameworksBuildPhase section */

/* Begin PBXGroup section */
		DC787C252691845400F62E81 /* Controller */ = {
			isa = PBXGroup;
			children = (
				DC8E28EF269064CB004EB5B4 /* AuthViewController.h */,
				DC8E28F0269064CB004EB5B4 /* AuthViewController.m */,
			);
			path = Controller;
			sourceTree = "<group>";
		};
		DC8E28DD269064CB004EB5B4 = {
			isa = PBXGroup;
			children = (
				DC8E28E8269064CB004EB5B4 /* AuthApp */,
				DC8E28E7269064CB004EB5B4 /* Products */,
			);
			sourceTree = "<group>";
		};
		DC8E28E7269064CB004EB5B4 /* Products */ = {
			isa = PBXGroup;
			children = (
				DC8E28E6269064CB004EB5B4 /* AuthApp.app */,
			);
			name = Products;
			sourceTree = "<group>";
		};
		DC8E28E8269064CB004EB5B4 /* AuthApp */ = {
			isa = PBXGroup;
			children = (
				DC8E290D2690BA9F004EB5B4 /* Sources */,
				DC8E290C2690BA86004EB5B4 /* Resources */,
			);
			path = AuthApp;
			sourceTree = "<group>";
		};
		DC8E290A2690BA67004EB5B4 /* Screens */ = {
			isa = PBXGroup;
			children = (
				DC8E290E2690BACC004EB5B4 /* Auth */,
			);
			path = Screens;
			sourceTree = "<group>";
		};
		DC8E290B2690BA73004EB5B4 /* Application */ = {
			isa = PBXGroup;
			children = (
				DC8E28E9269064CB004EB5B4 /* AppDelegate.h */,
				DC8E28EA269064CB004EB5B4 /* AppDelegate.m */,
			);
			path = Application;
			sourceTree = "<group>";
		};
		DC8E290C2690BA86004EB5B4 /* Resources */ = {
			isa = PBXGroup;
			children = (
				DC8E29132690C8DF004EB5B4 /* Fonts */,
				DC8E28F5269064CE004EB5B4 /* Assets.xcassets */,
				DC8E28F7269064CE004EB5B4 /* LaunchScreen.storyboard */,
				DC8E28FA269064CE004EB5B4 /* Info.plist */,
				DC8E28FB269064CE004EB5B4 /* main.m */,
			);
			path = Resources;
			sourceTree = "<group>";
		};
		DC8E290D2690BA9F004EB5B4 /* Sources */ = {
			isa = PBXGroup;
			children = (
				DCF3F67C2694257A006CFED4 /* Custom Views */,
				DC8E290B2690BA73004EB5B4 /* Application */,
				DC8E291D26911AF7004EB5B4 /* Extensions */,
				DC8E290A2690BA67004EB5B4 /* Screens */,
			);
			path = Sources;
			sourceTree = "<group>";
		};
		DC8E290E2690BACC004EB5B4 /* Auth */ = {
			isa = PBXGroup;
			children = (
				DC8E290F2690BADB004EB5B4 /* View */,
				DC787C252691845400F62E81 /* Controller */,
			);
			path = Auth;
			sourceTree = "<group>";
		};
		DC8E290F2690BADB004EB5B4 /* View */ = {
			isa = PBXGroup;
			children = (
				DC8E29102690BAFE004EB5B4 /* AuthView.h */,
				DC8E29112690BAFE004EB5B4 /* AuthView.m */,
				DC4C41552692DD92008A7135 /* SecureView.h */,
				DC4C41562692DD92008A7135 /* SecureView.m */,
			);
			path = View;
			sourceTree = "<group>";
		};
		DC8E29132690C8DF004EB5B4 /* Fonts */ = {
			isa = PBXGroup;
			children = (
				DC8E291B2690DF5D004EB5B4 /* SF-Pro-Text-Semibold.otf */,
				DC8E29192690C919004EB5B4 /* SF-Pro-Display-Regular.otf */,
				DC8E29172690C910004EB5B4 /* SF-Pro-Display-Black.otf */,
				DC8E29152690C902004EB5B4 /* SF-Pro-Display-Bold.otf */,
			);
			path = Fonts;
			sourceTree = "<group>";
		};
		DC8E291D26911AF7004EB5B4 /* Extensions */ = {
			isa = PBXGroup;
			children = (
				DC8E291E26911B39004EB5B4 /* UIColor+Extension.h */,
				DC8E291F26911B39004EB5B4 /* UIColor+Extension.m */,
			);
			path = Extensions;
			sourceTree = "<group>";
		};
		DC97248C269630AC0027FCFE /* TextField */ = {
			isa = PBXGroup;
			children = (
				DC97248D269630CD0027FCFE /* CustomTextField.h */,
				DC97248E269630CD0027FCFE /* CustomTextField.m */,
			);
			path = TextField;
			sourceTree = "<group>";
		};
		DCF3F67C2694257A006CFED4 /* Custom Views */ = {
			isa = PBXGroup;
			children = (
				DC97248C269630AC0027FCFE /* TextField */,
				DCF3F680269425D8006CFED4 /* Button */,
			);
			path = "Custom Views";
			sourceTree = "<group>";
		};
		DCF3F680269425D8006CFED4 /* Button */ = {
			isa = PBXGroup;
			children = (
				DCF3F67D269425D3006CFED4 /* CustomButton.h */,
				DCF3F67E269425D3006CFED4 /* CustomButton.m */,
			);
			path = Button;
			sourceTree = "<group>";
		};
/* End PBXGroup section */

/* Begin PBXNativeTarget section */
		DC8E28E5269064CB004EB5B4 /* AuthApp */ = {
			isa = PBXNativeTarget;
			buildConfigurationList = DC8E28FF269064CE004EB5B4 /* Build configuration list for PBXNativeTarget "AuthApp" */;
			buildPhases = (
				DC8E28E2269064CB004EB5B4 /* Sources */,
				DC8E28E3269064CB004EB5B4 /* Frameworks */,
				DC8E28E4269064CB004EB5B4 /* Resources */,
			);
			buildRules = (
			);
			dependencies = (
			);
			name = AuthApp;
			productName = AuthApp;
			productReference = DC8E28E6269064CB004EB5B4 /* AuthApp.app */;
			productType = "com.apple.product-type.application";
		};
/* End PBXNativeTarget section */

/* Begin PBXProject section */
		DC8E28DE269064CB004EB5B4 /* Project object */ = {
			isa = PBXProject;
			attributes = {
				LastUpgradeCheck = 1250;
				TargetAttributes = {
					DC8E28E5269064CB004EB5B4 = {
						CreatedOnToolsVersion = 12.5;
					};
				};
			};
			buildConfigurationList = DC8E28E1269064CB004EB5B4 /* Build configuration list for PBXProject "AuthApp" */;
			compatibilityVersion = "Xcode 9.3";
			developmentRegion = en;
			hasScannedForEncodings = 0;
			knownRegions = (
				en,
				Base,
			);
			mainGroup = DC8E28DD269064CB004EB5B4;
			productRefGroup = DC8E28E7269064CB004EB5B4 /* Products */;
			projectDirPath = "";
			projectRoot = "";
			targets = (
				DC8E28E5269064CB004EB5B4 /* AuthApp */,
			);
		};
/* End PBXProject section */

/* Begin PBXResourcesBuildPhase section */
		DC8E28E4269064CB004EB5B4 /* Resources */ = {
			isa = PBXResourcesBuildPhase;
			buildActionMask = 2147483647;
			files = (
				DC8E291C2690DF5D004EB5B4 /* SF-Pro-Text-Semibold.otf in Resources */,
				DC8E28F9269064CE004EB5B4 /* LaunchScreen.storyboard in Resources */,
				DC8E28F6269064CE004EB5B4 /* Assets.xcassets in Resources */,
				DC8E29162690C902004EB5B4 /* SF-Pro-Display-Bold.otf in Resources */,
				DC8E291A2690C919004EB5B4 /* SF-Pro-Display-Regular.otf in Resources */,
				DC8E29182690C910004EB5B4 /* SF-Pro-Display-Black.otf in Resources */,
			);
			runOnlyForDeploymentPostprocessing = 0;
		};
/* End PBXResourcesBuildPhase section */

/* Begin PBXSourcesBuildPhase section */
		DC8E28E2269064CB004EB5B4 /* Sources */ = {
			isa = PBXSourcesBuildPhase;
			buildActionMask = 2147483647;
			files = (
				DC97248F269630CD0027FCFE /* CustomTextField.m in Sources */,
				DC8E28F1269064CB004EB5B4 /* AuthViewController.m in Sources */,
				DC4C41572692DD92008A7135 /* SecureView.m in Sources */,
				DC8E28EB269064CB004EB5B4 /* AppDelegate.m in Sources */,
				DCF3F67F269425D3006CFED4 /* CustomButton.m in Sources */,
				DC8E29122690BAFE004EB5B4 /* AuthView.m in Sources */,
				DC8E28FC269064CE004EB5B4 /* main.m in Sources */,
				DC8E292026911B3A004EB5B4 /* UIColor+Extension.m in Sources */,
			);
			runOnlyForDeploymentPostprocessing = 0;
		};
/* End PBXSourcesBuildPhase section */

/* Begin PBXVariantGroup section */
		DC8E28F7269064CE004EB5B4 /* LaunchScreen.storyboard */ = {
			isa = PBXVariantGroup;
			children = (
				DC8E28F8269064CE004EB5B4 /* Base */,
			);
			name = LaunchScreen.storyboard;
			sourceTree = "<group>";
		};
/* End PBXVariantGroup section */

/* Begin XCBuildConfiguration section */
		DC8E28FD269064CE004EB5B4 /* Debug */ = {
			isa = XCBuildConfiguration;
			buildSettings = {
				ALWAYS_SEARCH_USER_PATHS = NO;
				CLANG_ANALYZER_NONNULL = YES;
				CLANG_ANALYZER_NUMBER_OBJECT_CONVERSION = YES_AGGRESSIVE;
				CLANG_CXX_LANGUAGE_STANDARD = "gnu++14";
				CLANG_CXX_LIBRARY = "libc++";
				CLANG_ENABLE_MODULES = YES;
				CLANG_ENABLE_OBJC_ARC = YES;
				CLANG_ENABLE_OBJC_WEAK = YES;
				CLANG_WARN_BLOCK_CAPTURE_AUTORELEASING = YES;
				CLANG_WARN_BOOL_CONVERSION = YES;
				CLANG_WARN_COMMA = YES;
				CLANG_WARN_CONSTANT_CONVERSION = YES;
				CLANG_WARN_DEPRECATED_OBJC_IMPLEMENTATIONS = YES;
				CLANG_WARN_DIRECT_OBJC_ISA_USAGE = YES_ERROR;
				CLANG_WARN_DOCUMENTATION_COMMENTS = YES;
				CLANG_WARN_EMPTY_BODY = YES;
				CLANG_WARN_ENUM_CONVERSION = YES;
				CLANG_WARN_INFINITE_RECURSION = YES;
				CLANG_WARN_INT_CONVERSION = YES;
				CLANG_WARN_NON_LITERAL_NULL_CONVERSION = YES;
				CLANG_WARN_OBJC_IMPLICIT_RETAIN_SELF = YES;
				CLANG_WARN_OBJC_LITERAL_CONVERSION = YES;
				CLANG_WARN_OBJC_ROOT_CLASS = YES_ERROR;
				CLANG_WARN_QUOTED_INCLUDE_IN_FRAMEWORK_HEADER = YES;
				CLANG_WARN_RANGE_LOOP_ANALYSIS = YES;
				CLANG_WARN_STRICT_PROTOTYPES = YES;
				CLANG_WARN_SUSPICIOUS_MOVE = YES;
				CLANG_WARN_UNGUARDED_AVAILABILITY = YES_AGGRESSIVE;
				CLANG_WARN_UNREACHABLE_CODE = YES;
				CLANG_WARN__DUPLICATE_METHOD_MATCH = YES;
				COPY_PHASE_STRIP = NO;
				DEBUG_INFORMATION_FORMAT = dwarf;
				ENABLE_STRICT_OBJC_MSGSEND = YES;
				ENABLE_TESTABILITY = YES;
				GCC_C_LANGUAGE_STANDARD = gnu11;
				GCC_DYNAMIC_NO_PIC = NO;
				GCC_NO_COMMON_BLOCKS = YES;
				GCC_OPTIMIZATION_LEVEL = 0;
				GCC_PREPROCESSOR_DEFINITIONS = (
					"DEBUG=1",
					"$(inherited)",
				);
				GCC_WARN_64_TO_32_BIT_CONVERSION = YES;
				GCC_WARN_ABOUT_RETURN_TYPE = YES_ERROR;
				GCC_WARN_UNDECLARED_SELECTOR = YES;
				GCC_WARN_UNINITIALIZED_AUTOS = YES_AGGRESSIVE;
				GCC_WARN_UNUSED_FUNCTION = YES;
				GCC_WARN_UNUSED_VARIABLE = YES;
				IPHONEOS_DEPLOYMENT_TARGET = 14.5;
				MTL_ENABLE_DEBUG_INFO = INCLUDE_SOURCE;
				MTL_FAST_MATH = YES;
				ONLY_ACTIVE_ARCH = YES;
				SDKROOT = iphoneos;
			};
			name = Debug;
		};
		DC8E28FE269064CE004EB5B4 /* Release */ = {
			isa = XCBuildConfiguration;
			buildSettings = {
				ALWAYS_SEARCH_USER_PATHS = NO;
				CLANG_ANALYZER_NONNULL = YES;
				CLANG_ANALYZER_NUMBER_OBJECT_CONVERSION = YES_AGGRESSIVE;
				CLANG_CXX_LANGUAGE_STANDARD = "gnu++14";
				CLANG_CXX_LIBRARY = "libc++";
				CLANG_ENABLE_MODULES = YES;
				CLANG_ENABLE_OBJC_ARC = YES;
				CLANG_ENABLE_OBJC_WEAK = YES;
				CLANG_WARN_BLOCK_CAPTURE_AUTORELEASING = YES;
				CLANG_WARN_BOOL_CONVERSION = YES;
				CLANG_WARN_COMMA = YES;
				CLANG_WARN_CONSTANT_CONVERSION = YES;
				CLANG_WARN_DEPRECATED_OBJC_IMPLEMENTATIONS = YES;
				CLANG_WARN_DIRECT_OBJC_ISA_USAGE = YES_ERROR;
				CLANG_WARN_DOCUMENTATION_COMMENTS = YES;
				CLANG_WARN_EMPTY_BODY = YES;
				CLANG_WARN_ENUM_CONVERSION = YES;
				CLANG_WARN_INFINITE_RECURSION = YES;
				CLANG_WARN_INT_CONVERSION = YES;
				CLANG_WARN_NON_LITERAL_NULL_CONVERSION = YES;
				CLANG_WARN_OBJC_IMPLICIT_RETAIN_SELF = YES;
				CLANG_WARN_OBJC_LITERAL_CONVERSION = YES;
				CLANG_WARN_OBJC_ROOT_CLASS = YES_ERROR;
				CLANG_WARN_QUOTED_INCLUDE_IN_FRAMEWORK_HEADER = YES;
				CLANG_WARN_RANGE_LOOP_ANALYSIS = YES;
				CLANG_WARN_STRICT_PROTOTYPES = YES;
				CLANG_WARN_SUSPICIOUS_MOVE = YES;
				CLANG_WARN_UNGUARDED_AVAILABILITY = YES_AGGRESSIVE;
				CLANG_WARN_UNREACHABLE_CODE = YES;
				CLANG_WARN__DUPLICATE_METHOD_MATCH = YES;
				COPY_PHASE_STRIP = NO;
				DEBUG_INFORMATION_FORMAT = "dwarf-with-dsym";
				ENABLE_NS_ASSERTIONS = NO;
				ENABLE_STRICT_OBJC_MSGSEND = YES;
				GCC_C_LANGUAGE_STANDARD = gnu11;
				GCC_NO_COMMON_BLOCKS = YES;
				GCC_WARN_64_TO_32_BIT_CONVERSION = YES;
				GCC_WARN_ABOUT_RETURN_TYPE = YES_ERROR;
				GCC_WARN_UNDECLARED_SELECTOR = YES;
				GCC_WARN_UNINITIALIZED_AUTOS = YES_AGGRESSIVE;
				GCC_WARN_UNUSED_FUNCTION = YES;
				GCC_WARN_UNUSED_VARIABLE = YES;
				IPHONEOS_DEPLOYMENT_TARGET = 14.5;
				MTL_ENABLE_DEBUG_INFO = NO;
				MTL_FAST_MATH = YES;
				SDKROOT = iphoneos;
				VALIDATE_PRODUCT = YES;
			};
			name = Release;
		};
		DC8E2900269064CE004EB5B4 /* Debug */ = {
			isa = XCBuildConfiguration;
			buildSettings = {
				ASSETCATALOG_COMPILER_APPICON_NAME = AppIcon;
				ASSETCATALOG_COMPILER_GLOBAL_ACCENT_COLOR_NAME = AccentColor;
				CODE_SIGN_STYLE = Automatic;
				DEVELOPMENT_TEAM = UGGCZN83K2;
				INFOPLIST_FILE = AuthApp/Resources/Info.plist;
				IPHONEOS_DEPLOYMENT_TARGET = 12.1;
				LD_RUNPATH_SEARCH_PATHS = (
					"$(inherited)",
					"@executable_path/Frameworks",
				);
				PRODUCT_BUNDLE_IDENTIFIER = com.rasl.AuthApp;
				PRODUCT_NAME = "$(TARGET_NAME)";
				TARGETED_DEVICE_FAMILY = "1,2";
			};
			name = Debug;
		};
		DC8E2901269064CE004EB5B4 /* Release */ = {
			isa = XCBuildConfiguration;
			buildSettings = {
				ASSETCATALOG_COMPILER_APPICON_NAME = AppIcon;
				ASSETCATALOG_COMPILER_GLOBAL_ACCENT_COLOR_NAME = AccentColor;
				CODE_SIGN_STYLE = Automatic;
				DEVELOPMENT_TEAM = UGGCZN83K2;
				INFOPLIST_FILE = AuthApp/Resources/Info.plist;
				IPHONEOS_DEPLOYMENT_TARGET = 12.1;
				LD_RUNPATH_SEARCH_PATHS = (
					"$(inherited)",
					"@executable_path/Frameworks",
				);
				PRODUCT_BUNDLE_IDENTIFIER = com.rasl.AuthApp;
				PRODUCT_NAME = "$(TARGET_NAME)";
				TARGETED_DEVICE_FAMILY = "1,2";
			};
			name = Release;
		};
/* End XCBuildConfiguration section */

/* Begin XCConfigurationList section */
		DC8E28E1269064CB004EB5B4 /* Build configuration list for PBXProject "AuthApp" */ = {
			isa = XCConfigurationList;
			buildConfigurations = (
				DC8E28FD269064CE004EB5B4 /* Debug */,
				DC8E28FE269064CE004EB5B4 /* Release */,
			);
			defaultConfigurationIsVisible = 0;
			defaultConfigurationName = Release;
		};
		DC8E28FF269064CE004EB5B4 /* Build configuration list for PBXNativeTarget "AuthApp" */ = {
			isa = XCConfigurationList;
			buildConfigurations = (
				DC8E2900269064CE004EB5B4 /* Debug */,
				DC8E2901269064CE004EB5B4 /* Release */,
			);
			defaultConfigurationIsVisible = 0;
			defaultConfigurationName = Release;
		};
/* End XCConfigurationList section */
	};
	rootObject = DC8E28DE269064CB004EB5B4 /* Project object */;
}
